// !$*UTF8*$!
{
	archiveVersion = 1;
	classes = {
	};
	objectVersion = 56;
	objects = {

/* Begin PBXBuildFile section */
		63398F4E9FF27B8870FF2C32 /* Pods_MyShop.framework in Frameworks */ = {isa = PBXBuildFile; fileRef = A14A897E2A878E2BC871DB51 /* Pods_MyShop.framework */; };
		CA461A932A84FFAC000178E8 /* CartItemCell.swift in Sources */ = {isa = PBXBuildFile; fileRef = CA461A912A84FFAC000178E8 /* CartItemCell.swift */; };
		CA461A942A84FFAC000178E8 /* CartItemCell.xib in Resources */ = {isa = PBXBuildFile; fileRef = CA461A922A84FFAC000178E8 /* CartItemCell.xib */; };
		CA461A962A859C9C000178E8 /* LoginViewController.swift in Sources */ = {isa = PBXBuildFile; fileRef = CA461A952A859C9C000178E8 /* LoginViewController.swift */; };
		CA461A982A85A229000178E8 /* CreateAccountViewController.swift in Sources */ = {isa = PBXBuildFile; fileRef = CA461A972A85A229000178E8 /* CreateAccountViewController.swift */; };
		CA461A9B2A85CA5A000178E8 /* FirebaseAuth in Frameworks */ = {isa = PBXBuildFile; productRef = CA461A9A2A85CA5A000178E8 /* FirebaseAuth */; };
		CA461A9D2A85D14B000178E8 /* GoogleService-Info.plist in Resources */ = {isa = PBXBuildFile; fileRef = CA461A9C2A85D14B000178E8 /* GoogleService-Info.plist */; };
		CA461AA02A88A827000178E8 /* StripePaymentSheet in Frameworks */ = {isa = PBXBuildFile; productRef = CA461A9F2A88A827000178E8 /* StripePaymentSheet */; };
		CA461AA42A88CAE6000178E8 /* PaymentConfirmationViewController.swift in Sources */ = {isa = PBXBuildFile; fileRef = CA461AA32A88CAE6000178E8 /* PaymentConfirmationViewController.swift */; };
		CA461AA72A89B05E000178E8 /* GreetingLabelManager.swift in Sources */ = {isa = PBXBuildFile; fileRef = CA461AA62A89B05E000178E8 /* GreetingLabelManager.swift */; };
		CA461AA92A89B6BA000178E8 /* PaymentSheetConfigurator.swift in Sources */ = {isa = PBXBuildFile; fileRef = CA461AA82A89B6BA000178E8 /* PaymentSheetConfigurator.swift */; };
		CA461AAB2A8CEFFE000178E8 /* HomeViewController.swift in Sources */ = {isa = PBXBuildFile; fileRef = CA461AAA2A8CEFFE000178E8 /* HomeViewController.swift */; };
		CA47F95E2A930A9E0046CB69 /* CartBtnBadge.swift in Sources */ = {isa = PBXBuildFile; fileRef = CA47F95D2A930A9E0046CB69 /* CartBtnBadge.swift */; };
		CA9054E72A7D1ED0005A832F /* AppDelegate.swift in Sources */ = {isa = PBXBuildFile; fileRef = CA9054E62A7D1ED0005A832F /* AppDelegate.swift */; };
		CA9054E92A7D1ED0005A832F /* SceneDelegate.swift in Sources */ = {isa = PBXBuildFile; fileRef = CA9054E82A7D1ED0005A832F /* SceneDelegate.swift */; };
		CA9054EB2A7D1ED0005A832F /* ViewController.swift in Sources */ = {isa = PBXBuildFile; fileRef = CA9054EA2A7D1ED0005A832F /* ViewController.swift */; };
		CA9054EE2A7D1ED0005A832F /* Main.storyboard in Resources */ = {isa = PBXBuildFile; fileRef = CA9054EC2A7D1ED0005A832F /* Main.storyboard */; };
		CA9054F02A7D1ED1005A832F /* Assets.xcassets in Resources */ = {isa = PBXBuildFile; fileRef = CA9054EF2A7D1ED1005A832F /* Assets.xcassets */; };
		CA9054F32A7D1ED1005A832F /* LaunchScreen.storyboard in Resources */ = {isa = PBXBuildFile; fileRef = CA9054F12A7D1ED1005A832F /* LaunchScreen.storyboard */; };
		CA9054FE2A7E489F005A832F /* ProductCellCVCell.swift in Sources */ = {isa = PBXBuildFile; fileRef = CA9054FC2A7E489F005A832F /* ProductCellCVCell.swift */; };
		CA9054FF2A7E489F005A832F /* ProductCellCVCell.xib in Resources */ = {isa = PBXBuildFile; fileRef = CA9054FD2A7E489F005A832F /* ProductCellCVCell.xib */; };
		CA9055012A80E5E4005A832F /* ProductDetailViewController.swift in Sources */ = {isa = PBXBuildFile; fileRef = CA9055002A80E5E4005A832F /* ProductDetailViewController.swift */; };
		CA9055032A81CE14005A832F /* CartViewController.swift in Sources */ = {isa = PBXBuildFile; fileRef = CA9055022A81CE14005A832F /* CartViewController.swift */; };
		CA9055052A83B692005A832F /* BuyNowViewController.swift in Sources */ = {isa = PBXBuildFile; fileRef = CA9055042A83B692005A832F /* BuyNowViewController.swift */; };
		CAB8E95F2A97880100E0DCF3 /* FirebaseFirestore in Frameworks */ = {isa = PBXBuildFile; productRef = CAB8E95E2A97880100E0DCF3 /* FirebaseFirestore */; };
		CAB8E9632A98D13800E0DCF3 /* ForgotPasswordVC.swift in Sources */ = {isa = PBXBuildFile; fileRef = CAB8E9612A98D13800E0DCF3 /* ForgotPasswordVC.swift */; };
		CAB8E9642A98D13800E0DCF3 /* ForgotPasswordVC.xib in Resources */ = {isa = PBXBuildFile; fileRef = CAB8E9622A98D13800E0DCF3 /* ForgotPasswordVC.xib */; };
		CAB8E9672A98DBB400E0DCF3 /* Extensions.swift in Sources */ = {isa = PBXBuildFile; fileRef = CAB8E9662A98DBB400E0DCF3 /* Extensions.swift */; };
		CAB8E9692A9AC0C700E0DCF3 /* CartProductDetailViewController.swift in Sources */ = {isa = PBXBuildFile; fileRef = CAB8E9682A9AC0C700E0DCF3 /* CartProductDetailViewController.swift */; };
/* End PBXBuildFile section */

/* Begin PBXFileReference section */
		8EB3F862E40751F68D4BAED5 /* Pods-MyShop.debug.xcconfig */ = {isa = PBXFileReference; includeInIndex = 1; lastKnownFileType = text.xcconfig; name = "Pods-MyShop.debug.xcconfig"; path = "Target Support Files/Pods-MyShop/Pods-MyShop.debug.xcconfig"; sourceTree = "<group>"; };
		A14A897E2A878E2BC871DB51 /* Pods_MyShop.framework */ = {isa = PBXFileReference; explicitFileType = wrapper.framework; includeInIndex = 0; path = Pods_MyShop.framework; sourceTree = BUILT_PRODUCTS_DIR; };
		CA461A912A84FFAC000178E8 /* CartItemCell.swift */ = {isa = PBXFileReference; lastKnownFileType = sourcecode.swift; path = CartItemCell.swift; sourceTree = "<group>"; };
		CA461A922A84FFAC000178E8 /* CartItemCell.xib */ = {isa = PBXFileReference; lastKnownFileType = file.xib; path = CartItemCell.xib; sourceTree = "<group>"; };
		CA461A952A859C9C000178E8 /* LoginViewController.swift */ = {isa = PBXFileReference; lastKnownFileType = sourcecode.swift; path = LoginViewController.swift; sourceTree = "<group>"; };
		CA461A972A85A229000178E8 /* CreateAccountViewController.swift */ = {isa = PBXFileReference; lastKnownFileType = sourcecode.swift; path = CreateAccountViewController.swift; sourceTree = "<group>"; };
		CA461A9C2A85D14B000178E8 /* GoogleService-Info.plist */ = {isa = PBXFileReference; fileEncoding = 4; lastKnownFileType = text.plist.xml; path = "GoogleService-Info.plist"; sourceTree = "<group>"; };
		CA461AA32A88CAE6000178E8 /* PaymentConfirmationViewController.swift */ = {isa = PBXFileReference; lastKnownFileType = sourcecode.swift; path = PaymentConfirmationViewController.swift; sourceTree = "<group>"; };
		CA461AA62A89B05E000178E8 /* GreetingLabelManager.swift */ = {isa = PBXFileReference; lastKnownFileType = sourcecode.swift; path = GreetingLabelManager.swift; sourceTree = "<group>"; };
		CA461AA82A89B6BA000178E8 /* PaymentSheetConfigurator.swift */ = {isa = PBXFileReference; lastKnownFileType = sourcecode.swift; path = PaymentSheetConfigurator.swift; sourceTree = "<group>"; };
		CA461AAA2A8CEFFE000178E8 /* HomeViewController.swift */ = {isa = PBXFileReference; lastKnownFileType = sourcecode.swift; path = HomeViewController.swift; sourceTree = "<group>"; };
		CA47F95D2A930A9E0046CB69 /* CartBtnBadge.swift */ = {isa = PBXFileReference; lastKnownFileType = sourcecode.swift; path = CartBtnBadge.swift; sourceTree = "<group>"; };
		CA9054E32A7D1ED0005A832F /* MyShop.app */ = {isa = PBXFileReference; explicitFileType = wrapper.application; includeInIndex = 0; path = MyShop.app; sourceTree = BUILT_PRODUCTS_DIR; };
		CA9054E62A7D1ED0005A832F /* AppDelegate.swift */ = {isa = PBXFileReference; lastKnownFileType = sourcecode.swift; path = AppDelegate.swift; sourceTree = "<group>"; };
		CA9054E82A7D1ED0005A832F /* SceneDelegate.swift */ = {isa = PBXFileReference; lastKnownFileType = sourcecode.swift; path = SceneDelegate.swift; sourceTree = "<group>"; };
		CA9054EA2A7D1ED0005A832F /* ViewController.swift */ = {isa = PBXFileReference; lastKnownFileType = sourcecode.swift; path = ViewController.swift; sourceTree = "<group>"; };
		CA9054ED2A7D1ED0005A832F /* Base */ = {isa = PBXFileReference; lastKnownFileType = file.storyboard; name = Base; path = Base.lproj/Main.storyboard; sourceTree = "<group>"; };
		CA9054EF2A7D1ED1005A832F /* Assets.xcassets */ = {isa = PBXFileReference; lastKnownFileType = folder.assetcatalog; path = Assets.xcassets; sourceTree = "<group>"; };
		CA9054F22A7D1ED1005A832F /* Base */ = {isa = PBXFileReference; lastKnownFileType = file.storyboard; name = Base; path = Base.lproj/LaunchScreen.storyboard; sourceTree = "<group>"; };
		CA9054F42A7D1ED1005A832F /* Info.plist */ = {isa = PBXFileReference; lastKnownFileType = text.plist.xml; path = Info.plist; sourceTree = "<group>"; };
		CA9054FC2A7E489F005A832F /* ProductCellCVCell.swift */ = {isa = PBXFileReference; lastKnownFileType = sourcecode.swift; path = ProductCellCVCell.swift; sourceTree = "<group>"; };
		CA9054FD2A7E489F005A832F /* ProductCellCVCell.xib */ = {isa = PBXFileReference; lastKnownFileType = file.xib; path = ProductCellCVCell.xib; sourceTree = "<group>"; };
		CA9055002A80E5E4005A832F /* ProductDetailViewController.swift */ = {isa = PBXFileReference; lastKnownFileType = sourcecode.swift; path = ProductDetailViewController.swift; sourceTree = "<group>"; };
		CA9055022A81CE14005A832F /* CartViewController.swift */ = {isa = PBXFileReference; lastKnownFileType = sourcecode.swift; path = CartViewController.swift; sourceTree = "<group>"; };
		CA9055042A83B692005A832F /* BuyNowViewController.swift */ = {isa = PBXFileReference; lastKnownFileType = sourcecode.swift; path = BuyNowViewController.swift; sourceTree = "<group>"; };
		CAB8E95A2A97870D00E0DCF3 /* FirebaseFirestore.framework */ = {isa = PBXFileReference; explicitFileType = wrapper.framework; path = FirebaseFirestore.framework; sourceTree = BUILT_PRODUCTS_DIR; };
		CAB8E9612A98D13800E0DCF3 /* ForgotPasswordVC.swift */ = {isa = PBXFileReference; lastKnownFileType = sourcecode.swift; path = ForgotPasswordVC.swift; sourceTree = "<group>"; };
		CAB8E9622A98D13800E0DCF3 /* ForgotPasswordVC.xib */ = {isa = PBXFileReference; lastKnownFileType = file.xib; path = ForgotPasswordVC.xib; sourceTree = "<group>"; };
		CAB8E9662A98DBB400E0DCF3 /* Extensions.swift */ = {isa = PBXFileReference; lastKnownFileType = sourcecode.swift; path = Extensions.swift; sourceTree = "<group>"; };
		CAB8E9682A9AC0C700E0DCF3 /* CartProductDetailViewController.swift */ = {isa = PBXFileReference; lastKnownFileType = sourcecode.swift; path = CartProductDetailViewController.swift; sourceTree = "<group>"; };
		FEF42B10344911505210913D /* Pods-MyShop.release.xcconfig */ = {isa = PBXFileReference; includeInIndex = 1; lastKnownFileType = text.xcconfig; name = "Pods-MyShop.release.xcconfig"; path = "Target Support Files/Pods-MyShop/Pods-MyShop.release.xcconfig"; sourceTree = "<group>"; };
/* End PBXFileReference section */

/* Begin PBXFrameworksBuildPhase section */
		CA9054E02A7D1ED0005A832F /* Frameworks */ = {
			isa = PBXFrameworksBuildPhase;
			buildActionMask = 2147483647;
			files = (
				CA461AA02A88A827000178E8 /* StripePaymentSheet in Frameworks */,
				CA461A9B2A85CA5A000178E8 /* FirebaseAuth in Frameworks */,
				63398F4E9FF27B8870FF2C32 /* Pods_MyShop.framework in Frameworks */,
				CAB8E95F2A97880100E0DCF3 /* FirebaseFirestore in Frameworks */,
			);
			runOnlyForDeploymentPostprocessing = 0;
		};
/* End PBXFrameworksBuildPhase section */

/* Begin PBXGroup section */
		AB9B988FDDC72BFFC7756395 /* Pods */ = {
			isa = PBXGroup;
			children = (
				8EB3F862E40751F68D4BAED5 /* Pods-MyShop.debug.xcconfig */,
				FEF42B10344911505210913D /* Pods-MyShop.release.xcconfig */,
			);
			path = Pods;
			sourceTree = "<group>";
		};
		CA461AA52A89AFF5000178E8 /* CallFunctions */ = {
			isa = PBXGroup;
			children = (
				CA461AA62A89B05E000178E8 /* GreetingLabelManager.swift */,
				CA47F95D2A930A9E0046CB69 /* CartBtnBadge.swift */,
				CA461AA82A89B6BA000178E8 /* PaymentSheetConfigurator.swift */,
			);
			path = CallFunctions;
			sourceTree = "<group>";
		};
		CA9054DA2A7D1ED0005A832F = {
			isa = PBXGroup;
			children = (
				CA9054E52A7D1ED0005A832F /* MyShop */,
				CA9054E42A7D1ED0005A832F /* Products */,
				AB9B988FDDC72BFFC7756395 /* Pods */,
				E43165A02ECD35B921BF8883 /* Frameworks */,
			);
			sourceTree = "<group>";
		};
		CA9054E42A7D1ED0005A832F /* Products */ = {
			isa = PBXGroup;
			children = (
				CA9054E32A7D1ED0005A832F /* MyShop.app */,
			);
			name = Products;
			sourceTree = "<group>";
		};
		CA9054E52A7D1ED0005A832F /* MyShop */ = {
			isa = PBXGroup;
			children = (
				CAB8E9652A98DB8100E0DCF3 /* Utils */,
				CAB8E9602A98D0F800E0DCF3 /* Xibs */,
				CA461AA52A89AFF5000178E8 /* CallFunctions */,
				CA9054E62A7D1ED0005A832F /* AppDelegate.swift */,
				CA9054E82A7D1ED0005A832F /* SceneDelegate.swift */,
				CA9054EA2A7D1ED0005A832F /* ViewController.swift */,
				CA9055002A80E5E4005A832F /* ProductDetailViewController.swift */,
				CA9055022A81CE14005A832F /* CartViewController.swift */,
				CA9055042A83B692005A832F /* BuyNowViewController.swift */,
				CA461A972A85A229000178E8 /* CreateAccountViewController.swift */,
				CA461AAA2A8CEFFE000178E8 /* HomeViewController.swift */,
				CA9054EC2A7D1ED0005A832F /* Main.storyboard */,
				CA9054F12A7D1ED1005A832F /* LaunchScreen.storyboard */,
				CA461A952A859C9C000178E8 /* LoginViewController.swift */,
				CA9054EF2A7D1ED1005A832F /* Assets.xcassets */,
				CA9054F42A7D1ED1005A832F /* Info.plist */,
				CA461A9C2A85D14B000178E8 /* GoogleService-Info.plist */,
				CA9054FC2A7E489F005A832F /* ProductCellCVCell.swift */,
				CA9054FD2A7E489F005A832F /* ProductCellCVCell.xib */,
				CA461A912A84FFAC000178E8 /* CartItemCell.swift */,
				CA461A922A84FFAC000178E8 /* CartItemCell.xib */,
				CA461AA32A88CAE6000178E8 /* PaymentConfirmationViewController.swift */,
				CAB8E9682A9AC0C700E0DCF3 /* CartProductDetailViewController.swift */,
			);
			path = MyShop;
			sourceTree = "<group>";
		};
		CAB8E9602A98D0F800E0DCF3 /* Xibs */ = {
			isa = PBXGroup;
			children = (
				CAB8E9612A98D13800E0DCF3 /* ForgotPasswordVC.swift */,
				CAB8E9622A98D13800E0DCF3 /* ForgotPasswordVC.xib */,
			);
			path = Xibs;
			sourceTree = "<group>";
		};
		CAB8E9652A98DB8100E0DCF3 /* Utils */ = {
			isa = PBXGroup;
			children = (
				CAB8E9662A98DBB400E0DCF3 /* Extensions.swift */,
			);
			path = Utils;
			sourceTree = "<group>";
		};
		E43165A02ECD35B921BF8883 /* Frameworks */ = {
			isa = PBXGroup;
			children = (
				CAB8E95A2A97870D00E0DCF3 /* FirebaseFirestore.framework */,
				A14A897E2A878E2BC871DB51 /* Pods_MyShop.framework */,
			);
			name = Frameworks;
			sourceTree = "<group>";
		};
/* End PBXGroup section */

/* Begin PBXNativeTarget section */
		CA9054E22A7D1ED0005A832F /* MyShop */ = {
			isa = PBXNativeTarget;
			buildConfigurationList = CA9054F72A7D1ED1005A832F /* Build configuration list for PBXNativeTarget "MyShop" */;
			buildPhases = (
				A0ED10D530DBA1C46DCB5DB5 /* [CP] Check Pods Manifest.lock */,
				CA9054DF2A7D1ED0005A832F /* Sources */,
				CA9054E02A7D1ED0005A832F /* Frameworks */,
				CA9054E12A7D1ED0005A832F /* Resources */,
			);
			buildRules = (
			);
			dependencies = (
			);
			name = MyShop;
			packageProductDependencies = (
				CA461A9A2A85CA5A000178E8 /* FirebaseAuth */,
				CA461A9F2A88A827000178E8 /* StripePaymentSheet */,
				CAB8E95E2A97880100E0DCF3 /* FirebaseFirestore */,
			);
			productName = MyShop;
			productReference = CA9054E32A7D1ED0005A832F /* MyShop.app */;
			productType = "com.apple.product-type.application";
		};
/* End PBXNativeTarget section */

/* Begin PBXProject section */
		CA9054DB2A7D1ED0005A832F /* Project object */ = {
			isa = PBXProject;
			attributes = {
				BuildIndependentTargetsInParallel = 1;
				LastSwiftUpdateCheck = 1430;
				LastUpgradeCheck = 1430;
				TargetAttributes = {
					CA9054E22A7D1ED0005A832F = {
						CreatedOnToolsVersion = 14.3.1;
					};
				};
			};
			buildConfigurationList = CA9054DE2A7D1ED0005A832F /* Build configuration list for PBXProject "MyShop" */;
			compatibilityVersion = "Xcode 14.0";
			developmentRegion = en;
			hasScannedForEncodings = 0;
			knownRegions = (
				en,
				Base,
			);
			mainGroup = CA9054DA2A7D1ED0005A832F;
			packageReferences = (
				CA461A992A85CA5A000178E8 /* XCRemoteSwiftPackageReference "firebase-ios-sdk" */,
				CA461A9E2A88A827000178E8 /* XCRemoteSwiftPackageReference "stripe-ios-spm" */,
			);
			productRefGroup = CA9054E42A7D1ED0005A832F /* Products */;
			projectDirPath = "";
			projectRoot = "";
			targets = (
				CA9054E22A7D1ED0005A832F /* MyShop */,
			);
		};
/* End PBXProject section */

/* Begin PBXResourcesBuildPhase section */
		CA9054E12A7D1ED0005A832F /* Resources */ = {
			isa = PBXResourcesBuildPhase;
			buildActionMask = 2147483647;
			files = (
				CA461A9D2A85D14B000178E8 /* GoogleService-Info.plist in Resources */,
				CA9054FF2A7E489F005A832F /* ProductCellCVCell.xib in Resources */,
				CAB8E9642A98D13800E0DCF3 /* ForgotPasswordVC.xib in Resources */,
				CA9054F32A7D1ED1005A832F /* LaunchScreen.storyboard in Resources */,
				CA9054F02A7D1ED1005A832F /* Assets.xcassets in Resources */,
				CA461A942A84FFAC000178E8 /* CartItemCell.xib in Resources */,
				CA9054EE2A7D1ED0005A832F /* Main.storyboard in Resources */,
			);
			runOnlyForDeploymentPostprocessing = 0;
		};
/* End PBXResourcesBuildPhase section */

/* Begin PBXShellScriptBuildPhase section */
		A0ED10D530DBA1C46DCB5DB5 /* [CP] Check Pods Manifest.lock */ = {
			isa = PBXShellScriptBuildPhase;
			buildActionMask = 2147483647;
			files = (
			);
			inputFileListPaths = (
			);
			inputPaths = (
				"${PODS_PODFILE_DIR_PATH}/Podfile.lock",
				"${PODS_ROOT}/Manifest.lock",
			);
			name = "[CP] Check Pods Manifest.lock";
			outputFileListPaths = (
			);
			outputPaths = (
				"$(DERIVED_FILE_DIR)/Pods-MyShop-checkManifestLockResult.txt",
			);
			runOnlyForDeploymentPostprocessing = 0;
			shellPath = /bin/sh;
			shellScript = "diff \"${PODS_PODFILE_DIR_PATH}/Podfile.lock\" \"${PODS_ROOT}/Manifest.lock\" > /dev/null\nif [ $? != 0 ] ; then\n    # print error to STDERR\n    echo \"error: The sandbox is not in sync with the Podfile.lock. Run 'pod install' or update your CocoaPods installation.\" >&2\n    exit 1\nfi\n# This output is used by Xcode 'outputs' to avoid re-running this script phase.\necho \"SUCCESS\" > \"${SCRIPT_OUTPUT_FILE_0}\"\n";
			showEnvVarsInLog = 0;
		};
/* End PBXShellScriptBuildPhase section */

/* Begin PBXSourcesBuildPhase section */
		CA9054DF2A7D1ED0005A832F /* Sources */ = {
			isa = PBXSourcesBuildPhase;
			buildActionMask = 2147483647;
			files = (
				CA461A982A85A229000178E8 /* CreateAccountViewController.swift in Sources */,
				CAB8E9692A9AC0C700E0DCF3 /* CartProductDetailViewController.swift in Sources */,
				CA461AA72A89B05E000178E8 /* GreetingLabelManager.swift in Sources */,
				CA461A962A859C9C000178E8 /* LoginViewController.swift in Sources */,
				CA9054FE2A7E489F005A832F /* ProductCellCVCell.swift in Sources */,
				CA461AA92A89B6BA000178E8 /* PaymentSheetConfigurator.swift in Sources */,
				CA461AAB2A8CEFFE000178E8 /* HomeViewController.swift in Sources */,
				CA9054EB2A7D1ED0005A832F /* ViewController.swift in Sources */,
				CA9055012A80E5E4005A832F /* ProductDetailViewController.swift in Sources */,
				CA9054E72A7D1ED0005A832F /* AppDelegate.swift in Sources */,
				CA461AA42A88CAE6000178E8 /* PaymentConfirmationViewController.swift in Sources */,
				CA9055032A81CE14005A832F /* CartViewController.swift in Sources */,
				CA9054E92A7D1ED0005A832F /* SceneDelegate.swift in Sources */,
				CA461A932A84FFAC000178E8 /* CartItemCell.swift in Sources */,
				CA9055052A83B692005A832F /* BuyNowViewController.swift in Sources */,
				CAB8E9672A98DBB400E0DCF3 /* Extensions.swift in Sources */,
				CAB8E9632A98D13800E0DCF3 /* ForgotPasswordVC.swift in Sources */,
				CA47F95E2A930A9E0046CB69 /* CartBtnBadge.swift in Sources */,
			);
			runOnlyForDeploymentPostprocessing = 0;
		};
/* End PBXSourcesBuildPhase section */

/* Begin PBXVariantGroup section */
		CA9054EC2A7D1ED0005A832F /* Main.storyboard */ = {
			isa = PBXVariantGroup;
			children = (
				CA9054ED2A7D1ED0005A832F /* Base */,
			);
			name = Main.storyboard;
			sourceTree = "<group>";
		};
		CA9054F12A7D1ED1005A832F /* LaunchScreen.storyboard */ = {
			isa = PBXVariantGroup;
			children = (
				CA9054F22A7D1ED1005A832F /* Base */,
			);
			name = LaunchScreen.storyboard;
			sourceTree = "<group>";
		};
/* End PBXVariantGroup section */

/* Begin XCBuildConfiguration section */
		CA9054F52A7D1ED1005A832F /* Debug */ = {
			isa = XCBuildConfiguration;
			buildSettings = {
				ALWAYS_SEARCH_USER_PATHS = NO;
				CLANG_ANALYZER_NONNULL = YES;
				CLANG_ANALYZER_NUMBER_OBJECT_CONVERSION = YES_AGGRESSIVE;
				CLANG_CXX_LANGUAGE_STANDARD = "gnu++20";
				CLANG_ENABLE_MODULES = YES;
				CLANG_ENABLE_OBJC_ARC = YES;
				CLANG_ENABLE_OBJC_WEAK = YES;
				CLANG_WARN_BLOCK_CAPTURE_AUTORELEASING = YES;
				CLANG_WARN_BOOL_CONVERSION = YES;
				CLANG_WARN_COMMA = YES;
				CLANG_WARN_CONSTANT_CONVERSION = YES;
				CLANG_WARN_DEPRECATED_OBJC_IMPLEMENTATIONS = YES;
				CLANG_WARN_DIRECT_OBJC_ISA_USAGE = YES_ERROR;
				CLANG_WARN_DOCUMENTATION_COMMENTS = YES;
				CLANG_WARN_EMPTY_BODY = YES;
				CLANG_WARN_ENUM_CONVERSION = YES;
				CLANG_WARN_INFINITE_RECURSION = YES;
				CLANG_WARN_INT_CONVERSION = YES;
				CLANG_WARN_NON_LITERAL_NULL_CONVERSION = YES;
				CLANG_WARN_OBJC_IMPLICIT_RETAIN_SELF = YES;
				CLANG_WARN_OBJC_LITERAL_CONVERSION = YES;
				CLANG_WARN_OBJC_ROOT_CLASS = YES_ERROR;
				CLANG_WARN_QUOTED_INCLUDE_IN_FRAMEWORK_HEADER = YES;
				CLANG_WARN_RANGE_LOOP_ANALYSIS = YES;
				CLANG_WARN_STRICT_PROTOTYPES = YES;
				CLANG_WARN_SUSPICIOUS_MOVE = YES;
				CLANG_WARN_UNGUARDED_AVAILABILITY = YES_AGGRESSIVE;
				CLANG_WARN_UNREACHABLE_CODE = YES;
				CLANG_WARN__DUPLICATE_METHOD_MATCH = YES;
				COPY_PHASE_STRIP = NO;
				DEBUG_INFORMATION_FORMAT = dwarf;
				ENABLE_STRICT_OBJC_MSGSEND = YES;
				ENABLE_TESTABILITY = YES;
				GCC_C_LANGUAGE_STANDARD = gnu11;
				GCC_DYNAMIC_NO_PIC = NO;
				GCC_NO_COMMON_BLOCKS = YES;
				GCC_OPTIMIZATION_LEVEL = 0;
				GCC_PREPROCESSOR_DEFINITIONS = (
					"DEBUG=1",
					"$(inherited)",
				);
				GCC_WARN_64_TO_32_BIT_CONVERSION = YES;
				GCC_WARN_ABOUT_RETURN_TYPE = YES_ERROR;
				GCC_WARN_UNDECLARED_SELECTOR = YES;
				GCC_WARN_UNINITIALIZED_AUTOS = YES_AGGRESSIVE;
				GCC_WARN_UNUSED_FUNCTION = YES;
				GCC_WARN_UNUSED_VARIABLE = YES;
				IPHONEOS_DEPLOYMENT_TARGET = 16.4;
				MTL_ENABLE_DEBUG_INFO = INCLUDE_SOURCE;
				MTL_FAST_MATH = YES;
				ONLY_ACTIVE_ARCH = YES;
				SDKROOT = iphoneos;
				SWIFT_ACTIVE_COMPILATION_CONDITIONS = DEBUG;
				SWIFT_OPTIMIZATION_LEVEL = "-Onone";
			};
			name = Debug;
		};
		CA9054F62A7D1ED1005A832F /* Release */ = {
			isa = XCBuildConfiguration;
			buildSettings = {
				ALWAYS_SEARCH_USER_PATHS = NO;
				CLANG_ANALYZER_NONNULL = YES;
				CLANG_ANALYZER_NUMBER_OBJECT_CONVERSION = YES_AGGRESSIVE;
				CLANG_CXX_LANGUAGE_STANDARD = "gnu++20";
				CLANG_ENABLE_MODULES = YES;
				CLANG_ENABLE_OBJC_ARC = YES;
				CLANG_ENABLE_OBJC_WEAK = YES;
				CLANG_WARN_BLOCK_CAPTURE_AUTORELEASING = YES;
				CLANG_WARN_BOOL_CONVERSION = YES;
				CLANG_WARN_COMMA = YES;
				CLANG_WARN_CONSTANT_CONVERSION = YES;
				CLANG_WARN_DEPRECATED_OBJC_IMPLEMENTATIONS = YES;
				CLANG_WARN_DIRECT_OBJC_ISA_USAGE = YES_ERROR;
				CLANG_WARN_DOCUMENTATION_COMMENTS = YES;
				CLANG_WARN_EMPTY_BODY = YES;
				CLANG_WARN_ENUM_CONVERSION = YES;
				CLANG_WARN_INFINITE_RECURSION = YES;
				CLANG_WARN_INT_CONVERSION = YES;
				CLANG_WARN_NON_LITERAL_NULL_CONVERSION = YES;
				CLANG_WARN_OBJC_IMPLICIT_RETAIN_SELF = YES;
				CLANG_WARN_OBJC_LITERAL_CONVERSION = YES;
				CLANG_WARN_OBJC_ROOT_CLASS = YES_ERROR;
				CLANG_WARN_QUOTED_INCLUDE_IN_FRAMEWORK_HEADER = YES;
				CLANG_WARN_RANGE_LOOP_ANALYSIS = YES;
				CLANG_WARN_STRICT_PROTOTYPES = YES;
				CLANG_WARN_SUSPICIOUS_MOVE = YES;
				CLANG_WARN_UNGUARDED_AVAILABILITY = YES_AGGRESSIVE;
				CLANG_WARN_UNREACHABLE_CODE = YES;
				CLANG_WARN__DUPLICATE_METHOD_MATCH = YES;
				COPY_PHASE_STRIP = NO;
				DEBUG_INFORMATION_FORMAT = "dwarf-with-dsym";
				ENABLE_NS_ASSERTIONS = NO;
				ENABLE_STRICT_OBJC_MSGSEND = YES;
				GCC_C_LANGUAGE_STANDARD = gnu11;
				GCC_NO_COMMON_BLOCKS = YES;
				GCC_WARN_64_TO_32_BIT_CONVERSION = YES;
				GCC_WARN_ABOUT_RETURN_TYPE = YES_ERROR;
				GCC_WARN_UNDECLARED_SELECTOR = YES;
				GCC_WARN_UNINITIALIZED_AUTOS = YES_AGGRESSIVE;
				GCC_WARN_UNUSED_FUNCTION = YES;
				GCC_WARN_UNUSED_VARIABLE = YES;
				IPHONEOS_DEPLOYMENT_TARGET = 16.4;
				MTL_ENABLE_DEBUG_INFO = NO;
				MTL_FAST_MATH = YES;
				SDKROOT = iphoneos;
				SWIFT_COMPILATION_MODE = wholemodule;
				SWIFT_OPTIMIZATION_LEVEL = "-O";
				VALIDATE_PRODUCT = YES;
			};
			name = Release;
		};
		CA9054F82A7D1ED1005A832F /* Debug */ = {
			isa = XCBuildConfiguration;
			baseConfigurationReference = 8EB3F862E40751F68D4BAED5 /* Pods-MyShop.debug.xcconfig */;
			buildSettings = {
				ASSETCATALOG_COMPILER_APPICON_NAME = AppIcon;
				ASSETCATALOG_COMPILER_GLOBAL_ACCENT_COLOR_NAME = AccentColor;
				ASSETCATALOG_COMPILER_INCLUDE_ALL_APPICON_ASSETS = NO;
				CODE_SIGN_STYLE = Automatic;
				CURRENT_PROJECT_VERSION = 1;
				DEVELOPMENT_TEAM = Q94UG63NK9;
				GENERATE_INFOPLIST_FILE = YES;
				INFOPLIST_FILE = MyShop/Info.plist;
				INFOPLIST_KEY_CFBundleDisplayName = MyShopping;
				INFOPLIST_KEY_UIApplicationSupportsIndirectInputEvents = YES;
				INFOPLIST_KEY_UILaunchStoryboardName = LaunchScreen.storyboard;
				INFOPLIST_KEY_UIMainStoryboardFile = Main;
				INFOPLIST_KEY_UIRequiresFullScreen = YES;
				INFOPLIST_KEY_UISupportedInterfaceOrientations = "UIInterfaceOrientationPortrait UIInterfaceOrientationPortraitUpsideDown";
				INFOPLIST_KEY_UISupportedInterfaceOrientations_iPad = "UIInterfaceOrientationLandscapeLeft UIInterfaceOrientationLandscapeRight UIInterfaceOrientationPortrait UIInterfaceOrientationPortraitUpsideDown";
				LD_RUNPATH_SEARCH_PATHS = (
					"$(inherited)",
					"@executable_path/Frameworks",
				);
				MARKETING_VERSION = 0.1.0;
				PRODUCT_BUNDLE_IDENTIFIER = "https---anupkuriakose.netlify.app-.MyShop";
				PRODUCT_NAME = "$(TARGET_NAME)";
				SWIFT_EMIT_LOC_STRINGS = YES;
				SWIFT_VERSION = 5.0;
				TARGETED_DEVICE_FAMILY = "1,2";
			};
			name = Debug;
		};
		CA9054F92A7D1ED1005A832F /* Release */ = {
			isa = XCBuildConfiguration;
			baseConfigurationReference = FEF42B10344911505210913D /* Pods-MyShop.release.xcconfig */;
			buildSettings = {
				ASSETCATALOG_COMPILER_APPICON_NAME = AppIcon;
				ASSETCATALOG_COMPILER_GLOBAL_ACCENT_COLOR_NAME = AccentColor;
				ASSETCATALOG_COMPILER_INCLUDE_ALL_APPICON_ASSETS = NO;
				CODE_SIGN_STYLE = Automatic;
				CURRENT_PROJECT_VERSION = 1;
				DEVELOPMENT_TEAM = Q94UG63NK9;
				GENERATE_INFOPLIST_FILE = YES;
				INFOPLIST_FILE = MyShop/Info.plist;
				INFOPLIST_KEY_CFBundleDisplayName = MyShopping;
				INFOPLIST_KEY_UIApplicationSupportsIndirectInputEvents = YES;
				INFOPLIST_KEY_UILaunchStoryboardName = LaunchScreen.storyboard;
				INFOPLIST_KEY_UIMainStoryboardFile = Main;
				INFOPLIST_KEY_UIRequiresFullScreen = YES;
				INFOPLIST_KEY_UISupportedInterfaceOrientations = "UIInterfaceOrientationPortrait UIInterfaceOrientationPortraitUpsideDown";
				INFOPLIST_KEY_UISupportedInterfaceOrientations_iPad = "UIInterfaceOrientationLandscapeLeft UIInterfaceOrientationLandscapeRight UIInterfaceOrientationPortrait UIInterfaceOrientationPortraitUpsideDown";
				LD_RUNPATH_SEARCH_PATHS = (
					"$(inherited)",
					"@executable_path/Frameworks",
				);
				MARKETING_VERSION = 0.1.0;
				PRODUCT_BUNDLE_IDENTIFIER = "https---anupkuriakose.netlify.app-.MyShop";
				PRODUCT_NAME = "$(TARGET_NAME)";
				SWIFT_EMIT_LOC_STRINGS = YES;
				SWIFT_VERSION = 5.0;
				TARGETED_DEVICE_FAMILY = "1,2";
			};
			name = Release;
		};
/* End XCBuildConfiguration section */

/* Begin XCConfigurationList section */
		CA9054DE2A7D1ED0005A832F /* Build configuration list for PBXProject "MyShop" */ = {
			isa = XCConfigurationList;
			buildConfigurations = (
				CA9054F52A7D1ED1005A832F /* Debug */,
				CA9054F62A7D1ED1005A832F /* Release */,
			);
			defaultConfigurationIsVisible = 0;
			defaultConfigurationName = Release;
		};
		CA9054F72A7D1ED1005A832F /* Build configuration list for PBXNativeTarget "MyShop" */ = {
			isa = XCConfigurationList;
			buildConfigurations = (
				CA9054F82A7D1ED1005A832F /* Debug */,
				CA9054F92A7D1ED1005A832F /* Release */,
			);
			defaultConfigurationIsVisible = 0;
			defaultConfigurationName = Release;
		};
/* End XCConfigurationList section */

/* Begin XCRemoteSwiftPackageReference section */
		CA461A992A85CA5A000178E8 /* XCRemoteSwiftPackageReference "firebase-ios-sdk" */ = {
			isa = XCRemoteSwiftPackageReference;
			repositoryURL = "https://github.com/firebase/firebase-ios-sdk";
			requirement = {
				kind = upToNextMajorVersion;
				minimumVersion = 10.0.0;
			};
		};
		CA461A9E2A88A827000178E8 /* XCRemoteSwiftPackageReference "stripe-ios-spm" */ = {
			isa = XCRemoteSwiftPackageReference;
			repositoryURL = "https://github.com/stripe/stripe-ios-spm";
			requirement = {
				kind = upToNextMajorVersion;
				minimumVersion = 23.0.0;
			};
		};
/* End XCRemoteSwiftPackageReference section */

/* Begin XCSwiftPackageProductDependency section */
		CA461A9A2A85CA5A000178E8 /* FirebaseAuth */ = {
			isa = XCSwiftPackageProductDependency;
			package = CA461A992A85CA5A000178E8 /* XCRemoteSwiftPackageReference "firebase-ios-sdk" */;
			productName = FirebaseAuth;
		};
		CA461A9F2A88A827000178E8 /* StripePaymentSheet */ = {
			isa = XCSwiftPackageProductDependency;
			package = CA461A9E2A88A827000178E8 /* XCRemoteSwiftPackageReference "stripe-ios-spm" */;
			productName = StripePaymentSheet;
		};
		CAB8E95E2A97880100E0DCF3 /* FirebaseFirestore */ = {
			isa = XCSwiftPackageProductDependency;
			package = CA461A992A85CA5A000178E8 /* XCRemoteSwiftPackageReference "firebase-ios-sdk" */;
			productName = FirebaseFirestore;
		};
/* End XCSwiftPackageProductDependency section */
	};
	rootObject = CA9054DB2A7D1ED0005A832F /* Project object */;
}
